// !$*UTF8*$!
{
	archiveVersion = 1;
	classes = {
	};
	objectVersion = 56;
	objects = {

/* Begin PBXBuildFile section */
		1E068650292D056F005A68AD /* LandmarkDetail.swift in Sources */ = {isa = PBXBuildFile; fileRef = 1E06864F292D056F005A68AD /* LandmarkDetail.swift */; };
		1E805C7D29245136001AE6DF /* Landmark2App.swift in Sources */ = {isa = PBXBuildFile; fileRef = 1E805C7C29245136001AE6DF /* Landmark2App.swift */; };
		1E805C7F29245137001AE6DF /* ContentView.swift in Sources */ = {isa = PBXBuildFile; fileRef = 1E805C7E29245137001AE6DF /* ContentView.swift */; };
		1E805C8129245139001AE6DF /* Assets.xcassets in Resources */ = {isa = PBXBuildFile; fileRef = 1E805C8029245139001AE6DF /* Assets.xcassets */; };
		1E805C8429245139001AE6DF /* Preview Assets.xcassets in Resources */ = {isa = PBXBuildFile; fileRef = 1E805C8329245139001AE6DF /* Preview Assets.xcassets */; };
		1E805C8D29255B44001AE6DF /* CircleImage.swift in Sources */ = {isa = PBXBuildFile; fileRef = 1E805C8C29255B44001AE6DF /* CircleImage.swift */; };
		1E805C8F29255CD0001AE6DF /* MapView.swift in Sources */ = {isa = PBXBuildFile; fileRef = 1E805C8E29255CD0001AE6DF /* MapView.swift */; };
		1E805C912925AFAB001AE6DF /* landmarkData.json in Resources */ = {isa = PBXBuildFile; fileRef = 1E805C902925AFAB001AE6DF /* landmarkData.json */; };
		1E805C952925BA27001AE6DF /* Landmark.swift in Sources */ = {isa = PBXBuildFile; fileRef = 1E805C942925BA27001AE6DF /* Landmark.swift */; };
		1E805C972926DF35001AE6DF /* ModelData.swift in Sources */ = {isa = PBXBuildFile; fileRef = 1E805C962926DF35001AE6DF /* ModelData.swift */; };
		1E805C9C29285189001AE6DF /* LandmarkRow.swift in Sources */ = {isa = PBXBuildFile; fileRef = 1E805C9B29285189001AE6DF /* LandmarkRow.swift */; };
		1E805C9E292917B4001AE6DF /* LandmarkList.swift in Sources */ = {isa = PBXBuildFile; fileRef = 1E805C9D292917B4001AE6DF /* LandmarkList.swift */; };
/* End PBXBuildFile section */

/* Begin PBXFileReference section */
		1E06864F292D056F005A68AD /* LandmarkDetail.swift */ = {isa = PBXFileReference; lastKnownFileType = sourcecode.swift; path = LandmarkDetail.swift; sourceTree = "<group>"; };
		1E805C7929245136001AE6DF /* Park Status.app */ = {isa = PBXFileReference; explicitFileType = wrapper.application; includeInIndex = 0; path = "Park Status.app"; sourceTree = BUILT_PRODUCTS_DIR; };
		1E805C7C29245136001AE6DF /* Landmark2App.swift */ = {isa = PBXFileReference; lastKnownFileType = sourcecode.swift; path = Landmark2App.swift; sourceTree = "<group>"; };
		1E805C7E29245137001AE6DF /* ContentView.swift */ = {isa = PBXFileReference; lastKnownFileType = sourcecode.swift; path = ContentView.swift; sourceTree = "<group>"; };
		1E805C8029245139001AE6DF /* Assets.xcassets */ = {isa = PBXFileReference; lastKnownFileType = folder.assetcatalog; path = Assets.xcassets; sourceTree = "<group>"; };
		1E805C8329245139001AE6DF /* Preview Assets.xcassets */ = {isa = PBXFileReference; lastKnownFileType = folder.assetcatalog; path = "Preview Assets.xcassets"; sourceTree = "<group>"; };
		1E805C8C29255B44001AE6DF /* CircleImage.swift */ = {isa = PBXFileReference; lastKnownFileType = sourcecode.swift; path = CircleImage.swift; sourceTree = "<group>"; };
		1E805C8E29255CD0001AE6DF /* MapView.swift */ = {isa = PBXFileReference; lastKnownFileType = sourcecode.swift; path = MapView.swift; sourceTree = "<group>"; };
		1E805C902925AFAB001AE6DF /* landmarkData.json */ = {isa = PBXFileReference; fileEncoding = 4; lastKnownFileType = text.json; path = landmarkData.json; sourceTree = "<group>"; };
		1E805C942925BA27001AE6DF /* Landmark.swift */ = {isa = PBXFileReference; lastKnownFileType = sourcecode.swift; path = Landmark.swift; sourceTree = "<group>"; };
		1E805C962926DF35001AE6DF /* ModelData.swift */ = {isa = PBXFileReference; lastKnownFileType = sourcecode.swift; path = ModelData.swift; sourceTree = "<group>"; };
		1E805C9B29285189001AE6DF /* LandmarkRow.swift */ = {isa = PBXFileReference; lastKnownFileType = sourcecode.swift; path = LandmarkRow.swift; sourceTree = "<group>"; };
		1E805C9D292917B4001AE6DF /* LandmarkList.swift */ = {isa = PBXFileReference; lastKnownFileType = sourcecode.swift; path = LandmarkList.swift; sourceTree = "<group>"; };
/* End PBXFileReference section */

/* Begin PBXFrameworksBuildPhase section */
		1E805C7629245136001AE6DF /* Frameworks */ = {
			isa = PBXFrameworksBuildPhase;
			buildActionMask = 2147483647;
			files = (
			);
			runOnlyForDeploymentPostprocessing = 0;
		};
/* End PBXFrameworksBuildPhase section */

/* Begin PBXGroup section */
		1E805C7029245136001AE6DF = {
			isa = PBXGroup;
			children = (
				1E805C7B29245136001AE6DF /* Landmark2 */,
				1E805C7A29245136001AE6DF /* Products */,
			);
			sourceTree = "<group>";
		};
		1E805C7A29245136001AE6DF /* Products */ = {
			isa = PBXGroup;
			children = (
				1E805C7929245136001AE6DF /* Park Status.app */,
			);
			name = Products;
			sourceTree = "<group>";
		};
		1E805C7B29245136001AE6DF /* Landmark2 */ = {
			isa = PBXGroup;
			children = (
				1E805C7C29245136001AE6DF /* Landmark2App.swift */,
				1E805C9A29282747001AE6DF /* Models */,
				1E805C9929282735001AE6DF /* Resources */,
				1E805C982928270B001AE6DF /* Views */,
				1E805C8029245139001AE6DF /* Assets.xcassets */,
				1E805C8229245139001AE6DF /* Preview Content */,
			);
			path = Landmark2;
			sourceTree = "<group>";
		};
		1E805C8229245139001AE6DF /* Preview Content */ = {
			isa = PBXGroup;
			children = (
				1E805C8329245139001AE6DF /* Preview Assets.xcassets */,
			);
			path = "Preview Content";
			sourceTree = "<group>";
		};
		1E805C982928270B001AE6DF /* Views */ = {
			isa = PBXGroup;
			children = (
				1E805C7E29245137001AE6DF /* ContentView.swift */,
				1E805C8C29255B44001AE6DF /* CircleImage.swift */,
				1E805C8E29255CD0001AE6DF /* MapView.swift */,
				1E805C9B29285189001AE6DF /* LandmarkRow.swift */,
				1E805C9D292917B4001AE6DF /* LandmarkList.swift */,
				1E06864F292D056F005A68AD /* LandmarkDetail.swift */,
			);
			path = Views;
			sourceTree = "<group>";
		};
		1E805C9929282735001AE6DF /* Resources */ = {
			isa = PBXGroup;
			children = (
				1E805C902925AFAB001AE6DF /* landmarkData.json */,
			);
			path = Resources;
			sourceTree = "<group>";
		};
		1E805C9A29282747001AE6DF /* Models */ = {
			isa = PBXGroup;
			children = (
				1E805C942925BA27001AE6DF /* Landmark.swift */,
				1E805C962926DF35001AE6DF /* ModelData.swift */,
			);
			path = Models;
			sourceTree = "<group>";
		};
/* End PBXGroup section */

/* Begin PBXNativeTarget section */
		1E805C7829245136001AE6DF /* Park Status */ = {
			isa = PBXNativeTarget;
			buildConfigurationList = 1E805C8729245139001AE6DF /* Build configuration list for PBXNativeTarget "Park Status" */;
			buildPhases = (
				1E805C7529245136001AE6DF /* Sources */,
				1E805C7629245136001AE6DF /* Frameworks */,
				1E805C7729245136001AE6DF /* Resources */,
			);
			buildRules = (
			);
			dependencies = (
			);
			name = "Park Status";
			productName = Landmark2;
			productReference = 1E805C7929245136001AE6DF /* Park Status.app */;
			productType = "com.apple.product-type.application";
		};
/* End PBXNativeTarget section */

/* Begin PBXProject section */
		1E805C7129245136001AE6DF /* Project object */ = {
			isa = PBXProject;
			attributes = {
				BuildIndependentTargetsInParallel = 1;
				LastSwiftUpdateCheck = 1410;
				LastUpgradeCheck = 1410;
				TargetAttributes = {
					1E805C7829245136001AE6DF = {
						CreatedOnToolsVersion = 14.1;
					};
				};
			};
			buildConfigurationList = 1E805C7429245136001AE6DF /* Build configuration list for PBXProject "Park Status" */;
			compatibilityVersion = "Xcode 14.0";
			developmentRegion = en;
			hasScannedForEncodings = 0;
			knownRegions = (
				en,
				Base,
			);
			mainGroup = 1E805C7029245136001AE6DF;
			productRefGroup = 1E805C7A29245136001AE6DF /* Products */;
			projectDirPath = "";
			projectRoot = "";
			targets = (
				1E805C7829245136001AE6DF /* Park Status */,
			);
		};
/* End PBXProject section */

/* Begin PBXResourcesBuildPhase section */
		1E805C7729245136001AE6DF /* Resources */ = {
			isa = PBXResourcesBuildPhase;
			buildActionMask = 2147483647;
			files = (
				1E805C8429245139001AE6DF /* Preview Assets.xcassets in Resources */,
				1E805C8129245139001AE6DF /* Assets.xcassets in Resources */,
				1E805C912925AFAB001AE6DF /* landmarkData.json in Resources */,
			);
			runOnlyForDeploymentPostprocessing = 0;
		};
/* End PBXResourcesBuildPhase section */

/* Begin PBXSourcesBuildPhase section */
		1E805C7529245136001AE6DF /* Sources */ = {
			isa = PBXSourcesBuildPhase;
			buildActionMask = 2147483647;
			files = (
				1E805C7F29245137001AE6DF /* ContentView.swift in Sources */,
				1E805C8F29255CD0001AE6DF /* MapView.swift in Sources */,
				1E805C7D29245136001AE6DF /* Landmark2App.swift in Sources */,
				1E805C9E292917B4001AE6DF /* LandmarkList.swift in Sources */,
				1E068650292D056F005A68AD /* LandmarkDetail.swift in Sources */,
				1E805C8D29255B44001AE6DF /* CircleImage.swift in Sources */,
				1E805C952925BA27001AE6DF /* Landmark.swift in Sources */,
				1E805C9C29285189001AE6DF /* LandmarkRow.swift in Sources */,
				1E805C972926DF35001AE6DF /* ModelData.swift in Sources */,
			);
			runOnlyForDeploymentPostprocessing = 0;
		};
/* End PBXSourcesBuildPhase section */

/* Begin XCBuildConfiguration section */
		1E805C8529245139001AE6DF /* Debug */ = {
			isa = XCBuildConfiguration;
			buildSettings = {
				ALWAYS_SEARCH_USER_PATHS = NO;
				CLANG_ANALYZER_NONNULL = YES;
				CLANG_ANALYZER_NUMBER_OBJECT_CONVERSION = YES_AGGRESSIVE;
				CLANG_CXX_LANGUAGE_STANDARD = "gnu++20";
				CLANG_ENABLE_MODULES = YES;
				CLANG_ENABLE_OBJC_ARC = YES;
				CLANG_ENABLE_OBJC_WEAK = YES;
				CLANG_WARN_BLOCK_CAPTURE_AUTORELEASING = YES;
				CLANG_WARN_BOOL_CONVERSION = YES;
				CLANG_WARN_COMMA = YES;
				CLANG_WARN_CONSTANT_CONVERSION = YES;
				CLANG_WARN_DEPRECATED_OBJC_IMPLEMENTATIONS = YES;
				CLANG_WARN_DIRECT_OBJC_ISA_USAGE = YES_ERROR;
				CLANG_WARN_DOCUMENTATION_COMMENTS = YES;
				CLANG_WARN_EMPTY_BODY = YES;
				CLANG_WARN_ENUM_CONVERSION = YES;
				CLANG_WARN_INFINITE_RECURSION = YES;
				CLANG_WARN_INT_CONVERSION = YES;
				CLANG_WARN_NON_LITERAL_NULL_CONVERSION = YES;
				CLANG_WARN_OBJC_IMPLICIT_RETAIN_SELF = YES;
				CLANG_WARN_OBJC_LITERAL_CONVERSION = YES;
				CLANG_WARN_OBJC_ROOT_CLASS = YES_ERROR;
				CLANG_WARN_QUOTED_INCLUDE_IN_FRAMEWORK_HEADER = YES;
				CLANG_WARN_RANGE_LOOP_ANALYSIS = YES;
				CLANG_WARN_STRICT_PROTOTYPES = YES;
				CLANG_WARN_SUSPICIOUS_MOVE = YES;
				CLANG_WARN_UNGUARDED_AVAILABILITY = YES_AGGRESSIVE;
				CLANG_WARN_UNREACHABLE_CODE = YES;
				CLANG_WARN__DUPLICATE_METHOD_MATCH = YES;
				COPY_PHASE_STRIP = NO;
				DEBUG_INFORMATION_FORMAT = dwarf;
				ENABLE_STRICT_OBJC_MSGSEND = YES;
				ENABLE_TESTABILITY = YES;
				GCC_C_LANGUAGE_STANDARD = gnu11;
				GCC_DYNAMIC_NO_PIC = NO;
				GCC_NO_COMMON_BLOCKS = YES;
				GCC_OPTIMIZATION_LEVEL = 0;
				GCC_PREPROCESSOR_DEFINITIONS = (
					"DEBUG=1",
					"$(inherited)",
				);
				GCC_WARN_64_TO_32_BIT_CONVERSION = YES;
				GCC_WARN_ABOUT_RETURN_TYPE = YES_ERROR;
				GCC_WARN_UNDECLARED_SELECTOR = YES;
				GCC_WARN_UNINITIALIZED_AUTOS = YES_AGGRESSIVE;
				GCC_WARN_UNUSED_FUNCTION = YES;
				GCC_WARN_UNUSED_VARIABLE = YES;
				IPHONEOS_DEPLOYMENT_TARGET = 16.1;
				MTL_ENABLE_DEBUG_INFO = INCLUDE_SOURCE;
				MTL_FAST_MATH = YES;
				ONLY_ACTIVE_ARCH = YES;
				SDKROOT = iphoneos;
				SWIFT_ACTIVE_COMPILATION_CONDITIONS = DEBUG;
				SWIFT_OPTIMIZATION_LEVEL = "-Onone";
			};
			name = Debug;
		};
		1E805C8629245139001AE6DF /* Release */ = {
			isa = XCBuildConfiguration;
			buildSettings = {
				ALWAYS_SEARCH_USER_PATHS = NO;
				CLANG_ANALYZER_NONNULL = YES;
				CLANG_ANALYZER_NUMBER_OBJECT_CONVERSION = YES_AGGRESSIVE;
				CLANG_CXX_LANGUAGE_STANDARD = "gnu++20";
				CLANG_ENABLE_MODULES = YES;
				CLANG_ENABLE_OBJC_ARC = YES;
				CLANG_ENABLE_OBJC_WEAK = YES;
				CLANG_WARN_BLOCK_CAPTURE_AUTORELEASING = YES;
				CLANG_WARN_BOOL_CONVERSION = YES;
				CLANG_WARN_COMMA = YES;
				CLANG_WARN_CONSTANT_CONVERSION = YES;
				CLANG_WARN_DEPRECATED_OBJC_IMPLEMENTATIONS = YES;
				CLANG_WARN_DIRECT_OBJC_ISA_USAGE = YES_ERROR;
				CLANG_WARN_DOCUMENTATION_COMMENTS = YES;
				CLANG_WARN_EMPTY_BODY = YES;
				CLANG_WARN_ENUM_CONVERSION = YES;
				CLANG_WARN_INFINITE_RECURSION = YES;
				CLANG_WARN_INT_CONVERSION = YES;
				CLANG_WARN_NON_LITERAL_NULL_CONVERSION = YES;
				CLANG_WARN_OBJC_IMPLICIT_RETAIN_SELF = YES;
				CLANG_WARN_OBJC_LITERAL_CONVERSION = YES;
				CLANG_WARN_OBJC_ROOT_CLASS = YES_ERROR;
				CLANG_WARN_QUOTED_INCLUDE_IN_FRAMEWORK_HEADER = YES;
				CLANG_WARN_RANGE_LOOP_ANALYSIS = YES;
				CLANG_WARN_STRICT_PROTOTYPES = YES;
				CLANG_WARN_SUSPICIOUS_MOVE = YES;
				CLANG_WARN_UNGUARDED_AVAILABILITY = YES_AGGRESSIVE;
				CLANG_WARN_UNREACHABLE_CODE = YES;
				CLANG_WARN__DUPLICATE_METHOD_MATCH = YES;
				COPY_PHASE_STRIP = NO;
				DEBUG_INFORMATION_FORMAT = "dwarf-with-dsym";
				ENABLE_NS_ASSERTIONS = NO;
				ENABLE_STRICT_OBJC_MSGSEND = YES;
				GCC_C_LANGUAGE_STANDARD = gnu11;
				GCC_NO_COMMON_BLOCKS = YES;
				GCC_WARN_64_TO_32_BIT_CONVERSION = YES;
				GCC_WARN_ABOUT_RETURN_TYPE = YES_ERROR;
				GCC_WARN_UNDECLARED_SELECTOR = YES;
				GCC_WARN_UNINITIALIZED_AUTOS = YES_AGGRESSIVE;
				GCC_WARN_UNUSED_FUNCTION = YES;
				GCC_WARN_UNUSED_VARIABLE = YES;
				IPHONEOS_DEPLOYMENT_TARGET = 16.1;
				MTL_ENABLE_DEBUG_INFO = NO;
				MTL_FAST_MATH = YES;
				SDKROOT = iphoneos;
				SWIFT_COMPILATION_MODE = wholemodule;
				SWIFT_OPTIMIZATION_LEVEL = "-O";
				VALIDATE_PRODUCT = YES;
			};
			name = Release;
		};
		1E805C8829245139001AE6DF /* Debug */ = {
			isa = XCBuildConfiguration;
			buildSettings = {
				ASSETCATALOG_COMPILER_APPICON_NAME = AppIcon;
				ASSETCATALOG_COMPILER_GLOBAL_ACCENT_COLOR_NAME = AccentColor;
				CODE_SIGN_STYLE = Automatic;
				CURRENT_PROJECT_VERSION = 1;
				DEVELOPMENT_ASSET_PATHS = "\"Landmark2/Preview Content\"";
				DEVELOPMENT_TEAM = 8ST43C8H2Z;
				ENABLE_PREVIEWS = YES;
				GENERATE_INFOPLIST_FILE = YES;
				INFOPLIST_KEY_UIApplicationSceneManifest_Generation = YES;
				INFOPLIST_KEY_UIApplicationSupportsIndirectInputEvents = YES;
				INFOPLIST_KEY_UILaunchScreen_Generation = YES;
				INFOPLIST_KEY_UISupportedInterfaceOrientations_iPad = "UIInterfaceOrientationPortrait UIInterfaceOrientationPortraitUpsideDown UIInterfaceOrientationLandscapeLeft UIInterfaceOrientationLandscapeRight";
				INFOPLIST_KEY_UISupportedInterfaceOrientations_iPhone = "UIInterfaceOrientationPortrait UIInterfaceOrientationLandscapeLeft UIInterfaceOrientationLandscapeRight";
				LD_RUNPATH_SEARCH_PATHS = (
					"$(inherited)",
					"@executable_path/Frameworks",
				);
				MARKETING_VERSION = 1.0;
				PRODUCT_BUNDLE_IDENTIFIER = com.markgingrass.Landmark2;
				PRODUCT_NAME = "$(TARGET_NAME)";
				SWIFT_EMIT_LOC_STRINGS = YES;
				SWIFT_VERSION = 5.0;
				TARGETED_DEVICE_FAMILY = "1,2";
			};
			name = Debug;
		};
		1E805C8929245139001AE6DF /* Release */ = {
			isa = XCBuildConfiguration;
			buildSettings = {
				ASSETCATALOG_COMPILER_APPICON_NAME = AppIcon;
				ASSETCATALOG_COMPILER_GLOBAL_ACCENT_COLOR_NAME = AccentColor;
				CODE_SIGN_STYLE = Automatic;
				CURRENT_PROJECT_VERSION = 1;
				DEVELOPMENT_ASSET_PATHS = "\"Landmark2/Preview Content\"";
				DEVELOPMENT_TEAM = 8ST43C8H2Z;
				ENABLE_PREVIEWS = YES;
				GENERATE_INFOPLIST_FILE = YES;
				INFOPLIST_KEY_UIApplicationSceneManifest_Generation = YES;
				INFOPLIST_KEY_UIApplicationSupportsIndirectInputEvents = YES;
				INFOPLIST_KEY_UILaunchScreen_Generation = YES;
				INFOPLIST_KEY_UISupportedInterfaceOrientations_iPad = "UIInterfaceOrientationPortrait UIInterfaceOrientationPortraitUpsideDown UIInterfaceOrientationLandscapeLeft UIInterfaceOrientationLandscapeRight";
				INFOPLIST_KEY_UISupportedInterfaceOrientations_iPhone = "UIInterfaceOrientationPortrait UIInterfaceOrientationLandscapeLeft UIInterfaceOrientationLandscapeRight";
				LD_RUNPATH_SEARCH_PATHS = (
					"$(inherited)",
					"@executable_path/Frameworks",
				);
				MARKETING_VERSION = 1.0;
				PRODUCT_BUNDLE_IDENTIFIER = com.markgingrass.Landmark2;
				PRODUCT_NAME = "$(TARGET_NAME)";
				SWIFT_EMIT_LOC_STRINGS = YES;
				SWIFT_VERSION = 5.0;
				TARGETED_DEVICE_FAMILY = "1,2";
			};
			name = Release;
		};
/* End XCBuildConfiguration section */

/* Begin XCConfigurationList section */
		1E805C7429245136001AE6DF /* Build configuration list for PBXProject "Park Status" */ = {
			isa = XCConfigurationList;
			buildConfigurations = (
				1E805C8529245139001AE6DF /* Debug */,
				1E805C8629245139001AE6DF /* Release */,
			);
			defaultConfigurationIsVisible = 0;
			defaultConfigurationName = Release;
		};
		1E805C8729245139001AE6DF /* Build configuration list for PBXNativeTarget "Park Status" */ = {
			isa = XCConfigurationList;
			buildConfigurations = (
				1E805C8829245139001AE6DF /* Debug */,
				1E805C8929245139001AE6DF /* Release */,
			);
			defaultConfigurationIsVisible = 0;
			defaultConfigurationName = Release;
		};
/* End XCConfigurationList section */
	};
	rootObject = 1E805C7129245136001AE6DF /* Project object */;
}
